// !$*UTF8*$!
{
	archiveVersion = 1;
	classes = {
	};
	objectVersion = 56;
	objects = {

/* Begin PBXBuildFile section */
		ACE12D18290C64410090C8F7 /* PokemonSwiftUIApp.swift in Sources */ = {isa = PBXBuildFile; fileRef = ACE12D17290C64410090C8F7 /* PokemonSwiftUIApp.swift */; };
		ACE12D1A290C64410090C8F7 /* PokemonListView.swift in Sources */ = {isa = PBXBuildFile; fileRef = ACE12D19290C64410090C8F7 /* PokemonListView.swift */; };
		ACE12D1C290C64420090C8F7 /* Assets.xcassets in Resources */ = {isa = PBXBuildFile; fileRef = ACE12D1B290C64420090C8F7 /* Assets.xcassets */; };
		ACE12D1F290C64420090C8F7 /* Preview Assets.xcassets in Resources */ = {isa = PBXBuildFile; fileRef = ACE12D1E290C64420090C8F7 /* Preview Assets.xcassets */; };
		ACE12D26290C649B0090C8F7 /* PokemonCellView.swift in Sources */ = {isa = PBXBuildFile; fileRef = ACE12D25290C649B0090C8F7 /* PokemonCellView.swift */; };
		ACE12D2A290C64F00090C8F7 /* Pokemon.swift in Sources */ = {isa = PBXBuildFile; fileRef = ACE12D29290C64F00090C8F7 /* Pokemon.swift */; };
		ACE12D2D290C65180090C8F7 /* PokemonAPI.swift in Sources */ = {isa = PBXBuildFile; fileRef = ACE12D2C290C65180090C8F7 /* PokemonAPI.swift */; };
		ACE12D30290C653F0090C8F7 /* Alamofire in Frameworks */ = {isa = PBXBuildFile; productRef = ACE12D2F290C653F0090C8F7 /* Alamofire */; };
/* End PBXBuildFile section */

/* Begin PBXFileReference section */
		ACE12D14290C64410090C8F7 /* PokemonSwiftUI.app */ = {isa = PBXFileReference; explicitFileType = wrapper.application; includeInIndex = 0; path = PokemonSwiftUI.app; sourceTree = BUILT_PRODUCTS_DIR; };
		ACE12D17290C64410090C8F7 /* PokemonSwiftUIApp.swift */ = {isa = PBXFileReference; lastKnownFileType = sourcecode.swift; path = PokemonSwiftUIApp.swift; sourceTree = "<group>"; };
		ACE12D19290C64410090C8F7 /* PokemonListView.swift */ = {isa = PBXFileReference; lastKnownFileType = sourcecode.swift; path = PokemonListView.swift; sourceTree = "<group>"; };
		ACE12D1B290C64420090C8F7 /* Assets.xcassets */ = {isa = PBXFileReference; lastKnownFileType = folder.assetcatalog; path = Assets.xcassets; sourceTree = "<group>"; };
		ACE12D1E290C64420090C8F7 /* Preview Assets.xcassets */ = {isa = PBXFileReference; lastKnownFileType = folder.assetcatalog; path = "Preview Assets.xcassets"; sourceTree = "<group>"; };
		ACE12D25290C649B0090C8F7 /* PokemonCellView.swift */ = {isa = PBXFileReference; lastKnownFileType = sourcecode.swift; path = PokemonCellView.swift; sourceTree = "<group>"; };
		ACE12D29290C64F00090C8F7 /* Pokemon.swift */ = {isa = PBXFileReference; lastKnownFileType = sourcecode.swift; path = Pokemon.swift; sourceTree = "<group>"; };
		ACE12D2C290C65180090C8F7 /* PokemonAPI.swift */ = {isa = PBXFileReference; lastKnownFileType = sourcecode.swift; path = PokemonAPI.swift; sourceTree = "<group>"; };
/* End PBXFileReference section */

/* Begin PBXFrameworksBuildPhase section */
		ACE12D11290C64410090C8F7 /* Frameworks */ = {
			isa = PBXFrameworksBuildPhase;
			buildActionMask = 2147483647;
			files = (
				ACE12D30290C653F0090C8F7 /* Alamofire in Frameworks */,
			);
			runOnlyForDeploymentPostprocessing = 0;
		};
/* End PBXFrameworksBuildPhase section */

/* Begin PBXGroup section */
		ACE12D0B290C64410090C8F7 = {
			isa = PBXGroup;
			children = (
				ACE12D16290C64410090C8F7 /* PokemonSwiftUI */,
				ACE12D15290C64410090C8F7 /* Products */,
			);
			sourceTree = "<group>";
		};
		ACE12D15290C64410090C8F7 /* Products */ = {
			isa = PBXGroup;
			children = (
				ACE12D14290C64410090C8F7 /* PokemonSwiftUI.app */,
			);
			name = Products;
			sourceTree = "<group>";
		};
		ACE12D16290C64410090C8F7 /* PokemonSwiftUI */ = {
			isa = PBXGroup;
			children = (
				ACE12D17290C64410090C8F7 /* PokemonSwiftUIApp.swift */,
				ACE12D27290C64AB0090C8F7 /* UI */,
				ACE12D28290C64DB0090C8F7 /* Model */,
				ACE12D2B290C65090090C8F7 /* API */,
				ACE12D1B290C64420090C8F7 /* Assets.xcassets */,
				ACE12D1D290C64420090C8F7 /* Preview Content */,
			);
			path = PokemonSwiftUI;
			sourceTree = "<group>";
		};
		ACE12D1D290C64420090C8F7 /* Preview Content */ = {
			isa = PBXGroup;
			children = (
				ACE12D1E290C64420090C8F7 /* Preview Assets.xcassets */,
			);
			path = "Preview Content";
			sourceTree = "<group>";
		};
		ACE12D27290C64AB0090C8F7 /* UI */ = {
			isa = PBXGroup;
			children = (
				ACE12D19290C64410090C8F7 /* PokemonListView.swift */,
				ACE12D25290C649B0090C8F7 /* PokemonCellView.swift */,
			);
			path = UI;
			sourceTree = "<group>";
		};
		ACE12D28290C64DB0090C8F7 /* Model */ = {
			isa = PBXGroup;
			children = (
				ACE12D29290C64F00090C8F7 /* Pokemon.swift */,
			);
			path = Model;
			sourceTree = "<group>";
		};
		ACE12D2B290C65090090C8F7 /* API */ = {
			isa = PBXGroup;
			children = (
				ACE12D2C290C65180090C8F7 /* PokemonAPI.swift */,
			);
			path = API;
			sourceTree = "<group>";
		};
/* End PBXGroup section */

/* Begin PBXNativeTarget section */
		ACE12D13290C64410090C8F7 /* PokemonSwiftUI */ = {
			isa = PBXNativeTarget;
			buildConfigurationList = ACE12D22290C64420090C8F7 /* Build configuration list for PBXNativeTarget "PokemonSwiftUI" */;
			buildPhases = (
				ACE12D10290C64410090C8F7 /* Sources */,
				ACE12D11290C64410090C8F7 /* Frameworks */,
				ACE12D12290C64410090C8F7 /* Resources */,
			);
			buildRules = (
			);
			dependencies = (
			);
			name = PokemonSwiftUI;
			packageProductDependencies = (
				ACE12D2F290C653F0090C8F7 /* Alamofire */,
			);
			productName = PokemonSwiftUI;
			productReference = ACE12D14290C64410090C8F7 /* PokemonSwiftUI.app */;
			productType = "com.apple.product-type.application";
		};
/* End PBXNativeTarget section */

/* Begin PBXProject section */
		ACE12D0C290C64410090C8F7 /* Project object */ = {
			isa = PBXProject;
			attributes = {
				BuildIndependentTargetsInParallel = 1;
				LastSwiftUpdateCheck = 1400;
				LastUpgradeCheck = 1400;
				TargetAttributes = {
					ACE12D13290C64410090C8F7 = {
						CreatedOnToolsVersion = 14.0.1;
					};
				};
			};
			buildConfigurationList = ACE12D0F290C64410090C8F7 /* Build configuration list for PBXProject "PokemonSwiftUI" */;
			compatibilityVersion = "Xcode 14.0";
			developmentRegion = en;
			hasScannedForEncodings = 0;
			knownRegions = (
				en,
				Base,
			);
			mainGroup = ACE12D0B290C64410090C8F7;
			packageReferences = (
				ACE12D2E290C653F0090C8F7 /* XCRemoteSwiftPackageReference "Alamofire" */,
			);
			productRefGroup = ACE12D15290C64410090C8F7 /* Products */;
			projectDirPath = "";
			projectRoot = "";
			targets = (
				ACE12D13290C64410090C8F7 /* PokemonSwiftUI */,
			);
		};
/* End PBXProject section */

/* Begin PBXResourcesBuildPhase section */
		ACE12D12290C64410090C8F7 /* Resources */ = {
			isa = PBXResourcesBuildPhase;
			buildActionMask = 2147483647;
			files = (
				ACE12D1F290C64420090C8F7 /* Preview Assets.xcassets in Resources */,
				ACE12D1C290C64420090C8F7 /* Assets.xcassets in Resources */,
			);
			runOnlyForDeploymentPostprocessing = 0;
		};
/* End PBXResourcesBuildPhase section */

/* Begin PBXSourcesBuildPhase section */
		ACE12D10290C64410090C8F7 /* Sources */ = {
			isa = PBXSourcesBuildPhase;
			buildActionMask = 2147483647;
			files = (
				ACE12D26290C649B0090C8F7 /* PokemonCellView.swift in Sources */,
				ACE12D2A290C64F00090C8F7 /* Pokemon.swift in Sources */,
				ACE12D1A290C64410090C8F7 /* PokemonListView.swift in Sources */,
				ACE12D2D290C65180090C8F7 /* PokemonAPI.swift in Sources */,
				ACE12D18290C64410090C8F7 /* PokemonSwiftUIApp.swift in Sources */,
			);
			runOnlyForDeploymentPostprocessing = 0;
		};
/* End PBXSourcesBuildPhase section */

/* Begin XCBuildConfiguration section */
		ACE12D20290C64420090C8F7 /* Debug */ = {
			isa = XCBuildConfiguration;
			buildSettings = {
				ALWAYS_SEARCH_USER_PATHS = NO;
				CLANG_ANALYZER_NONNULL = YES;
				CLANG_ANALYZER_NUMBER_OBJECT_CONVERSION = YES_AGGRESSIVE;
				CLANG_CXX_LANGUAGE_STANDARD = "gnu++20";
				CLANG_ENABLE_MODULES = YES;
				CLANG_ENABLE_OBJC_ARC = YES;
				CLANG_ENABLE_OBJC_WEAK = YES;
				CLANG_WARN_BLOCK_CAPTURE_AUTORELEASING = YES;
				CLANG_WARN_BOOL_CONVERSION = YES;
				CLANG_WARN_COMMA = YES;
				CLANG_WARN_CONSTANT_CONVERSION = YES;
				CLANG_WARN_DEPRECATED_OBJC_IMPLEMENTATIONS = YES;
				CLANG_WARN_DIRECT_OBJC_ISA_USAGE = YES_ERROR;
				CLANG_WARN_DOCUMENTATION_COMMENTS = YES;
				CLANG_WARN_EMPTY_BODY = YES;
				CLANG_WARN_ENUM_CONVERSION = YES;
				CLANG_WARN_INFINITE_RECURSION = YES;
				CLANG_WARN_INT_CONVERSION = YES;
				CLANG_WARN_NON_LITERAL_NULL_CONVERSION = YES;
				CLANG_WARN_OBJC_IMPLICIT_RETAIN_SELF = YES;
				CLANG_WARN_OBJC_LITERAL_CONVERSION = YES;
				CLANG_WARN_OBJC_ROOT_CLASS = YES_ERROR;
				CLANG_WARN_QUOTED_INCLUDE_IN_FRAMEWORK_HEADER = YES;
				CLANG_WARN_RANGE_LOOP_ANALYSIS = YES;
				CLANG_WARN_STRICT_PROTOTYPES = YES;
				CLANG_WARN_SUSPICIOUS_MOVE = YES;
				CLANG_WARN_UNGUARDED_AVAILABILITY = YES_AGGRESSIVE;
				CLANG_WARN_UNREACHABLE_CODE = YES;
				CLANG_WARN__DUPLICATE_METHOD_MATCH = YES;
				COPY_PHASE_STRIP = NO;
				DEBUG_INFORMATION_FORMAT = dwarf;
				ENABLE_STRICT_OBJC_MSGSEND = YES;
				ENABLE_TESTABILITY = YES;
				GCC_C_LANGUAGE_STANDARD = gnu11;
				GCC_DYNAMIC_NO_PIC = NO;
				GCC_NO_COMMON_BLOCKS = YES;
				GCC_OPTIMIZATION_LEVEL = 0;
				GCC_PREPROCESSOR_DEFINITIONS = (
					"DEBUG=1",
					"$(inherited)",
				);
				GCC_WARN_64_TO_32_BIT_CONVERSION = YES;
				GCC_WARN_ABOUT_RETURN_TYPE = YES_ERROR;
				GCC_WARN_UNDECLARED_SELECTOR = YES;
				GCC_WARN_UNINITIALIZED_AUTOS = YES_AGGRESSIVE;
				GCC_WARN_UNUSED_FUNCTION = YES;
				GCC_WARN_UNUSED_VARIABLE = YES;
				IPHONEOS_DEPLOYMENT_TARGET = 16.0;
				MTL_ENABLE_DEBUG_INFO = INCLUDE_SOURCE;
				MTL_FAST_MATH = YES;
				ONLY_ACTIVE_ARCH = YES;
				SDKROOT = iphoneos;
				SWIFT_ACTIVE_COMPILATION_CONDITIONS = DEBUG;
				SWIFT_OPTIMIZATION_LEVEL = "-Onone";
			};
			name = Debug;
		};
		ACE12D21290C64420090C8F7 /* Release */ = {
			isa = XCBuildConfiguration;
			buildSettings = {
				ALWAYS_SEARCH_USER_PATHS = NO;
				CLANG_ANALYZER_NONNULL = YES;
				CLANG_ANALYZER_NUMBER_OBJECT_CONVERSION = YES_AGGRESSIVE;
				CLANG_CXX_LANGUAGE_STANDARD = "gnu++20";
				CLANG_ENABLE_MODULES = YES;
				CLANG_ENABLE_OBJC_ARC = YES;
				CLANG_ENABLE_OBJC_WEAK = YES;
				CLANG_WARN_BLOCK_CAPTURE_AUTORELEASING = YES;
				CLANG_WARN_BOOL_CONVERSION = YES;
				CLANG_WARN_COMMA = YES;
				CLANG_WARN_CONSTANT_CONVERSION = YES;
				CLANG_WARN_DEPRECATED_OBJC_IMPLEMENTATIONS = YES;
				CLANG_WARN_DIRECT_OBJC_ISA_USAGE = YES_ERROR;
				CLANG_WARN_DOCUMENTATION_COMMENTS = YES;
				CLANG_WARN_EMPTY_BODY = YES;
				CLANG_WARN_ENUM_CONVERSION = YES;
				CLANG_WARN_INFINITE_RECURSION = YES;
				CLANG_WARN_INT_CONVERSION = YES;
				CLANG_WARN_NON_LITERAL_NULL_CONVERSION = YES;
				CLANG_WARN_OBJC_IMPLICIT_RETAIN_SELF = YES;
				CLANG_WARN_OBJC_LITERAL_CONVERSION = YES;
				CLANG_WARN_OBJC_ROOT_CLASS = YES_ERROR;
				CLANG_WARN_QUOTED_INCLUDE_IN_FRAMEWORK_HEADER = YES;
				CLANG_WARN_RANGE_LOOP_ANALYSIS = YES;
				CLANG_WARN_STRICT_PROTOTYPES = YES;
				CLANG_WARN_SUSPICIOUS_MOVE = YES;
				CLANG_WARN_UNGUARDED_AVAILABILITY = YES_AGGRESSIVE;
				CLANG_WARN_UNREACHABLE_CODE = YES;
				CLANG_WARN__DUPLICATE_METHOD_MATCH = YES;
				COPY_PHASE_STRIP = NO;
				DEBUG_INFORMATION_FORMAT = "dwarf-with-dsym";
				ENABLE_NS_ASSERTIONS = NO;
				ENABLE_STRICT_OBJC_MSGSEND = YES;
				GCC_C_LANGUAGE_STANDARD = gnu11;
				GCC_NO_COMMON_BLOCKS = YES;
				GCC_WARN_64_TO_32_BIT_CONVERSION = YES;
				GCC_WARN_ABOUT_RETURN_TYPE = YES_ERROR;
				GCC_WARN_UNDECLARED_SELECTOR = YES;
				GCC_WARN_UNINITIALIZED_AUTOS = YES_AGGRESSIVE;
				GCC_WARN_UNUSED_FUNCTION = YES;
				GCC_WARN_UNUSED_VARIABLE = YES;
				IPHONEOS_DEPLOYMENT_TARGET = 16.0;
				MTL_ENABLE_DEBUG_INFO = NO;
				MTL_FAST_MATH = YES;
				SDKROOT = iphoneos;
				SWIFT_COMPILATION_MODE = wholemodule;
				SWIFT_OPTIMIZATION_LEVEL = "-O";
				VALIDATE_PRODUCT = YES;
			};
			name = Release;
		};
		ACE12D23290C64420090C8F7 /* Debug */ = {
			isa = XCBuildConfiguration;
			buildSettings = {
				ASSETCATALOG_COMPILER_APPICON_NAME = AppIcon;
				ASSETCATALOG_COMPILER_GLOBAL_ACCENT_COLOR_NAME = AccentColor;
				CODE_SIGN_STYLE = Automatic;
				CURRENT_PROJECT_VERSION = 1;
				DEVELOPMENT_ASSET_PATHS = "\"PokemonSwiftUI/Preview Content\"";
				ENABLE_PREVIEWS = YES;
				GENERATE_INFOPLIST_FILE = YES;
				INFOPLIST_KEY_UIApplicationSceneManifest_Generation = YES;
				INFOPLIST_KEY_UIApplicationSupportsIndirectInputEvents = YES;
				INFOPLIST_KEY_UILaunchScreen_Generation = YES;
				INFOPLIST_KEY_UISupportedInterfaceOrientations_iPad = "UIInterfaceOrientationPortrait UIInterfaceOrientationPortraitUpsideDown UIInterfaceOrientationLandscapeLeft UIInterfaceOrientationLandscapeRight";
				INFOPLIST_KEY_UISupportedInterfaceOrientations_iPhone = "UIInterfaceOrientationPortrait UIInterfaceOrientationLandscapeLeft UIInterfaceOrientationLandscapeRight";
				LD_RUNPATH_SEARCH_PATHS = (
					"$(inherited)",
					"@executable_path/Frameworks",
				);
				MARKETING_VERSION = 1.0;
				PRODUCT_BUNDLE_IDENTIFIER = com.mouredev.PokemonSwiftUI;
				PRODUCT_NAME = "$(TARGET_NAME)";
				SWIFT_EMIT_LOC_STRINGS = YES;
				SWIFT_VERSION = 5.0;
				TARGETED_DEVICE_FAMILY = "1,2";
			};
			name = Debug;
		};
		ACE12D24290C64420090C8F7 /* Release */ = {
			isa = XCBuildConfiguration;
			buildSettings = {
				ASSETCATALOG_COMPILER_APPICON_NAME = AppIcon;
				ASSETCATALOG_COMPILER_GLOBAL_ACCENT_COLOR_NAME = AccentColor;
				CODE_SIGN_STYLE = Automatic;
				CURRENT_PROJECT_VERSION = 1;
				DEVELOPMENT_ASSET_PATHS = "\"PokemonSwiftUI/Preview Content\"";
				ENABLE_PREVIEWS = YES;
				GENERATE_INFOPLIST_FILE = YES;
				INFOPLIST_KEY_UIApplicationSceneManifest_Generation = YES;
				INFOPLIST_KEY_UIApplicationSupportsIndirectInputEvents = YES;
				INFOPLIST_KEY_UILaunchScreen_Generation = YES;
				INFOPLIST_KEY_UISupportedInterfaceOrientations_iPad = "UIInterfaceOrientationPortrait UIInterfaceOrientationPortraitUpsideDown UIInterfaceOrientationLandscapeLeft UIInterfaceOrientationLandscapeRight";
				INFOPLIST_KEY_UISupportedInterfaceOrientations_iPhone = "UIInterfaceOrientationPortrait UIInterfaceOrientationLandscapeLeft UIInterfaceOrientationLandscapeRight";
				LD_RUNPATH_SEARCH_PATHS = (
					"$(inherited)",
					"@executable_path/Frameworks",
				);
				MARKETING_VERSION = 1.0;
				PRODUCT_BUNDLE_IDENTIFIER = com.mouredev.PokemonSwiftUI;
				PRODUCT_NAME = "$(TARGET_NAME)";
				SWIFT_EMIT_LOC_STRINGS = YES;
				SWIFT_VERSION = 5.0;
				TARGETED_DEVICE_FAMILY = "1,2";
			};
			name = Release;
		};
/* End XCBuildConfiguration section */

/* Begin XCConfigurationList section */
		ACE12D0F290C64410090C8F7 /* Build configuration list for PBXProject "PokemonSwiftUI" */ = {
			isa = XCConfigurationList;
			buildConfigurations = (
				ACE12D20290C64420090C8F7 /* Debug */,
				ACE12D21290C64420090C8F7 /* Release */,
			);
			defaultConfigurationIsVisible = 0;
			defaultConfigurationName = Release;
		};
		ACE12D22290C64420090C8F7 /* Build configuration list for PBXNativeTarget "PokemonSwiftUI" */ = {
			isa = XCConfigurationList;
			buildConfigurations = (
				ACE12D23290C64420090C8F7 /* Debug */,
				ACE12D24290C64420090C8F7 /* Release */,
			);
			defaultConfigurationIsVisible = 0;
			defaultConfigurationName = Release;
		};
/* End XCConfigurationList section */

/* Begin XCRemoteSwiftPackageReference section */
		ACE12D2E290C653F0090C8F7 /* XCRemoteSwiftPackageReference "Alamofire" */ = {
			isa = XCRemoteSwiftPackageReference;
			repositoryURL = "https://github.com/Alamofire/Alamofire";
			requirement = {
				kind = upToNextMajorVersion;
				minimumVersion = 5.0.0;
			};
		};
/* End XCRemoteSwiftPackageReference section */

/* Begin XCSwiftPackageProductDependency section */
		ACE12D2F290C653F0090C8F7 /* Alamofire */ = {
			isa = XCSwiftPackageProductDependency;
			package = ACE12D2E290C653F0090C8F7 /* XCRemoteSwiftPackageReference "Alamofire" */;
			productName = Alamofire;
		};
/* End XCSwiftPackageProductDependency section */
	};
	rootObject = ACE12D0C290C64410090C8F7 /* Project object */;
}
